
Microsoft Visual Studio Solution File, Format Version 12.00
# Visual Studio Version 16
VisualStudioVersion = 16.0.31624.102
MinimumVisualStudioVersion = 10.0.40219.1
Project("{FAE04EC0-301F-11D3-BF4B-00C04F79EFBC}") = "Ejercicio12", "Ejercicio12\Ejercicio12.csproj", "{C5FFC713-15BA-42F3-9E8D-BD0F1F61FCB0}"
EndProject
Global
	GlobalSection(SolutionConfigurationPlatforms) = preSolution
		Debug|Any CPU = Debug|Any CPU
		Release|Any CPU = Release|Any CPU
	EndGlobalSection
	GlobalSection(ProjectConfigurationPlatforms) = postSolution
		{C5FFC713-15BA-42F3-9E8D-BD0F1F61FCB0}.Debug|Any CPU.ActiveCfg = Debug|Any CPU
		{C5FFC713-15BA-42F3-9E8D-BD0F1F61FCB0}.Debug|Any CPU.Build.0 = Debug|Any CPU
		{C5FFC713-15BA-42F3-9E8D-BD0F1F61FCB0}.Release|Any CPU.ActiveCfg = Release|Any CPU
		{C5FFC713-15BA-42F3-9E8D-BD0F1F61FCB0}.Release|Any CPU.Build.0 = Release|Any CPU
	EndGlobalSection
	GlobalSection(SolutionProperties) = preSolution
		HideSolutionNode = FALSE
	EndGlobalSection
	GlobalSection(ExtensibilityGlobals) = postSolution
		SolutionGuid = {1427FA5F-FC5C-4F20-BA27-C6236BD545C6}
	EndGlobalSection
EndGlobal
